
Microsoft Visual Studio Solution File, Format Version 11.00
# Visual Studio 2010
Project("{FAE04EC0-301F-11D3-BF4B-00C04F79EFBC}") = "Assembly-CSharp", "Assembly-CSharp.csproj", "{a27c82ec-d908-9224-88f5-50e1efa4b471}"
EndProject
Project("{FAE04EC0-301F-11D3-BF4B-00C04F79EFBC}") = "Assembly-CSharp-Editor", "Assembly-CSharp-Editor.csproj", "{be410f4b-f50a-fcaa-8511-e911694c9e26}"
EndProject
Global
	GlobalSection(SolutionConfigurationPlatforms) = preSolution
		Debug|Any CPU = Debug|Any CPU
		Release|Any CPU = Release|Any CPU
	EndGlobalSection
	GlobalSection(ProjectConfigurationPlatforms) = postSolution
		{a27c82ec-d908-9224-88f5-50e1efa4b471}.Debug|Any CPU.ActiveCfg = Debug|Any CPU
		{a27c82ec-d908-9224-88f5-50e1efa4b471}.Debug|Any CPU.Build.0 = Debug|Any CPU
		{a27c82ec-d908-9224-88f5-50e1efa4b471}.Release|Any CPU.ActiveCfg = Release|Any CPU
		{a27c82ec-d908-9224-88f5-50e1efa4b471}.Release|Any CPU.Build.0 = Release|Any CPU
		{be410f4b-f50a-fcaa-8511-e911694c9e26}.Debug|Any CPU.ActiveCfg = Debug|Any CPU
		{be410f4b-f50a-fcaa-8511-e911694c9e26}.Debug|Any CPU.Build.0 = Debug|Any CPU
		{be410f4b-f50a-fcaa-8511-e911694c9e26}.Release|Any CPU.ActiveCfg = Release|Any CPU
		{be410f4b-f50a-fcaa-8511-e911694c9e26}.Release|Any CPU.Build.0 = Release|Any CPU
	EndGlobalSection
	GlobalSection(SolutionProperties) = preSolution
		HideSolutionNode = FALSE
	EndGlobalSection
EndGlobal
